<Solution>
  <Folder Name="/Core/">
    <Project Path="src/Core/Restaurant.Application/Restaurant.Application.csproj" />
    <Project Path="src/Core/Restaurant.Domain/Restaurant.Domain.csproj" />
  </Folder>
  <Folder Name="/External/">
    <Project Path="src/External/Restaurant.Infrastructure/Restaurant.Infrastructure.csproj" />
    <Project Path="src/External/Restaurant.Seeding/Restaurant.Seeding.csproj" />
  </Folder>
  <Folder Name="/Shared/">
    <Project Path="src/Shared/Restaurant.Contract/Restaurant.Contract.csproj" Id="93f967e9-7533-40db-947b-028d9e34f8fa" />
  </Folder>
  <Project Path="src/Restaurant.API/Restaurant.API.csproj" />
</Solution>
